
Microsoft Visual Studio Solution File, Format Version 12.00
# Visual Studio Version 17
VisualStudioVersion = 17.0.31903.59
MinimumVisualStudioVersion = 10.0.40219.1
Project("{2150E333-8FDC-42A3-9474-1A3956D46DE8}") = "src", "src", "{9EA5AB52-CC25-4785-8034-EBC6F3BA1B82}"
EndProject
Project("{9A19103F-16F7-4668-BE54-9A1E7A4F7556}") = "BatX3_HSS_GUI.Client", "src\BatX3_HSS_GUI.Client\BatX3_HSS_GUI.Client.csproj", "{BBD998D7-8C22-44B7-9EEB-1D3A4A6764E1}"
EndProject
Project("{9A19103F-16F7-4668-BE54-9A1E7A4F7556}") = "BatX3_HSS_GUI.Domain", "src\BatX3_HSS_GUI.Domain\BatX3_HSS_GUI.Domain.csproj", "{4D138955-ADB5-4D6F-BA39-72F30781EC17}"
EndProject
Project("{9A19103F-16F7-4668-BE54-9A1E7A4F7556}") = "BatX3_HSS_GUI.Application", "src\BatX3_HSS_GUI.Application\BatX3_HSS_GUI.Application.csproj", "{B86AED5B-03A7-4472-A488-E1AA1381486D}"
EndProject
Project("{9A19103F-16F7-4668-BE54-9A1E7A4F7556}") = "BatX3_HSS_GUI.Infrastructure", "src\BatX3_HSS_GUI.Infrastructure\BatX3_HSS_GUI.Infrastructure.csproj", "{5F8934EA-15BA-4C53-94CC-CE14CEA7B017}"
EndProject
Project("{2150E333-8FDC-42A3-9474-1A3956D46DE8}") = "tests", "tests", "{32752F46-272C-4890-99D4-87F7AF0B307D}"
EndProject
Project("{9A19103F-16F7-4668-BE54-9A1E7A4F7556}") = "BatX3_HSS_GUI.Tests", "tests\BatX3_HSS_GUI.Tests\BatX3_HSS_GUI.Tests.csproj", "{62AD2A11-540E-4F22-8720-6433D5CDD965}"
EndProject
Project("{2150E333-8FDC-42A3-9474-1A3956D46DE8}") = "Solution Items", "Solution Items", "{5959B1E2-B94F-40B0-8308-7023071C3A67}"
	ProjectSection(SolutionItems) = preProject
		Directory.Build.props = Directory.Build.props
	EndProjectSection
EndProject
Project("{FAE04EC0-301F-11D3-BF4B-00C04F79EFBC}") = "BatX3_HSS_GUI.WebApi", "src\BatX3_HSS_GUI.WebApi\BatX3_HSS_GUI.WebApi.csproj", "{C0FE8DD4-9307-44E6-A3FA-9FA6B708A455}"
EndProject
Global
	GlobalSection(SolutionConfigurationPlatforms) = preSolution
		Debug|Any CPU = Debug|Any CPU
		Debug|x64 = Debug|x64
		Debug|x86 = Debug|x86
		Release|Any CPU = Release|Any CPU
		Release|x64 = Release|x64
		Release|x86 = Release|x86
	EndGlobalSection
	GlobalSection(ProjectConfigurationPlatforms) = postSolution
		{BBD998D7-8C22-44B7-9EEB-1D3A4A6764E1}.Debug|Any CPU.ActiveCfg = Debug|Any CPU
		{BBD998D7-8C22-44B7-9EEB-1D3A4A6764E1}.Debug|Any CPU.Build.0 = Debug|Any CPU
		{BBD998D7-8C22-44B7-9EEB-1D3A4A6764E1}.Debug|x64.ActiveCfg = Debug|Any CPU
		{BBD998D7-8C22-44B7-9EEB-1D3A4A6764E1}.Debug|x64.Build.0 = Debug|Any CPU
		{BBD998D7-8C22-44B7-9EEB-1D3A4A6764E1}.Debug|x86.ActiveCfg = Debug|Any CPU
		{BBD998D7-8C22-44B7-9EEB-1D3A4A6764E1}.Debug|x86.Build.0 = Debug|Any CPU
		{BBD998D7-8C22-44B7-9EEB-1D3A4A6764E1}.Release|Any CPU.ActiveCfg = Release|Any CPU
		{BBD998D7-8C22-44B7-9EEB-1D3A4A6764E1}.Release|Any CPU.Build.0 = Release|Any CPU
		{BBD998D7-8C22-44B7-9EEB-1D3A4A6764E1}.Release|x64.ActiveCfg = Release|Any CPU
		{BBD998D7-8C22-44B7-9EEB-1D3A4A6764E1}.Release|x64.Build.0 = Release|Any CPU
		{BBD998D7-8C22-44B7-9EEB-1D3A4A6764E1}.Release|x86.ActiveCfg = Release|Any CPU
		{BBD998D7-8C22-44B7-9EEB-1D3A4A6764E1}.Release|x86.Build.0 = Release|Any CPU
		{4D138955-ADB5-4D6F-BA39-72F30781EC17}.Debug|Any CPU.ActiveCfg = Debug|Any CPU
		{4D138955-ADB5-4D6F-BA39-72F30781EC17}.Debug|Any CPU.Build.0 = Debug|Any CPU
		{4D138955-ADB5-4D6F-BA39-72F30781EC17}.Debug|x64.ActiveCfg = Debug|Any CPU
		{4D138955-ADB5-4D6F-BA39-72F30781EC17}.Debug|x64.Build.0 = Debug|Any CPU
		{4D138955-ADB5-4D6F-BA39-72F30781EC17}.Debug|x86.ActiveCfg = Debug|Any CPU
		{4D138955-ADB5-4D6F-BA39-72F30781EC17}.Debug|x86.Build.0 = Debug|Any CPU
		{4D138955-ADB5-4D6F-BA39-72F30781EC17}.Release|Any CPU.ActiveCfg = Release|Any CPU
		{4D138955-ADB5-4D6F-BA39-72F30781EC17}.Release|Any CPU.Build.0 = Release|Any CPU
		{4D138955-ADB5-4D6F-BA39-72F30781EC17}.Release|x64.ActiveCfg = Release|Any CPU
		{4D138955-ADB5-4D6F-BA39-72F30781EC17}.Release|x64.Build.0 = Release|Any CPU
		{4D138955-ADB5-4D6F-BA39-72F30781EC17}.Release|x86.ActiveCfg = Release|Any CPU
		{4D138955-ADB5-4D6F-BA39-72F30781EC17}.Release|x86.Build.0 = Release|Any CPU
		{B86AED5B-03A7-4472-A488-E1AA1381486D}.Debug|Any CPU.ActiveCfg = Debug|Any CPU
		{B86AED5B-03A7-4472-A488-E1AA1381486D}.Debug|Any CPU.Build.0 = Debug|Any CPU
		{B86AED5B-03A7-4472-A488-E1AA1381486D}.Debug|x64.ActiveCfg = Debug|Any CPU
		{B86AED5B-03A7-4472-A488-E1AA1381486D}.Debug|x64.Build.0 = Debug|Any CPU
		{B86AED5B-03A7-4472-A488-E1AA1381486D}.Debug|x86.ActiveCfg = Debug|Any CPU
		{B86AED5B-03A7-4472-A488-E1AA1381486D}.Debug|x86.Build.0 = Debug|Any CPU
		{B86AED5B-03A7-4472-A488-E1AA1381486D}.Release|Any CPU.ActiveCfg = Release|Any CPU
		{B86AED5B-03A7-4472-A488-E1AA1381486D}.Release|Any CPU.Build.0 = Release|Any CPU
		{B86AED5B-03A7-4472-A488-E1AA1381486D}.Release|x64.ActiveCfg = Release|Any CPU
		{B86AED5B-03A7-4472-A488-E1AA1381486D}.Release|x64.Build.0 = Release|Any CPU
		{B86AED5B-03A7-4472-A488-E1AA1381486D}.Release|x86.ActiveCfg = Release|Any CPU
		{B86AED5B-03A7-4472-A488-E1AA1381486D}.Release|x86.Build.0 = Release|Any CPU
		{5F8934EA-15BA-4C53-94CC-CE14CEA7B017}.Debug|Any CPU.ActiveCfg = Debug|Any CPU
		{5F8934EA-15BA-4C53-94CC-CE14CEA7B017}.Debug|Any CPU.Build.0 = Debug|Any CPU
		{5F8934EA-15BA-4C53-94CC-CE14CEA7B017}.Debug|x64.ActiveCfg = Debug|Any CPU
		{5F8934EA-15BA-4C53-94CC-CE14CEA7B017}.Debug|x64.Build.0 = Debug|Any CPU
		{5F8934EA-15BA-4C53-94CC-CE14CEA7B017}.Debug|x86.ActiveCfg = Debug|Any CPU
		{5F8934EA-15BA-4C53-94CC-CE14CEA7B017}.Debug|x86.Build.0 = Debug|Any CPU
		{5F8934EA-15BA-4C53-94CC-CE14CEA7B017}.Release|Any CPU.ActiveCfg = Release|Any CPU
		{5F8934EA-15BA-4C53-94CC-CE14CEA7B017}.Release|Any CPU.Build.0 = Release|Any CPU
		{5F8934EA-15BA-4C53-94CC-CE14CEA7B017}.Release|x64.ActiveCfg = Release|Any CPU
		{5F8934EA-15BA-4C53-94CC-CE14CEA7B017}.Release|x64.Build.0 = Release|Any CPU
		{5F8934EA-15BA-4C53-94CC-CE14CEA7B017}.Release|x86.ActiveCfg = Release|Any CPU
		{5F8934EA-15BA-4C53-94CC-CE14CEA7B017}.Release|x86.Build.0 = Release|Any CPU
		{62AD2A11-540E-4F22-8720-6433D5CDD965}.Debug|Any CPU.ActiveCfg = Debug|Any CPU
		{62AD2A11-540E-4F22-8720-6433D5CDD965}.Debug|Any CPU.Build.0 = Debug|Any CPU
		{62AD2A11-540E-4F22-8720-6433D5CDD965}.Debug|x64.ActiveCfg = Debug|Any CPU
		{62AD2A11-540E-4F22-8720-6433D5CDD965}.Debug|x64.Build.0 = Debug|Any CPU
		{62AD2A11-540E-4F22-8720-6433D5CDD965}.Debug|x86.ActiveCfg = Debug|Any CPU
		{62AD2A11-540E-4F22-8720-6433D5CDD965}.Debug|x86.Build.0 = Debug|Any CPU
		{62AD2A11-540E-4F22-8720-6433D5CDD965}.Release|Any CPU.ActiveCfg = Release|Any CPU
		{62AD2A11-540E-4F22-8720-6433D5CDD965}.Release|Any CPU.Build.0 = Release|Any CPU
		{62AD2A11-540E-4F22-8720-6433D5CDD965}.Release|x64.ActiveCfg = Release|Any CPU
		{62AD2A11-540E-4F22-8720-6433D5CDD965}.Release|x64.Build.0 = Release|Any CPU
		{62AD2A11-540E-4F22-8720-6433D5CDD965}.Release|x86.ActiveCfg = Release|Any CPU
		{62AD2A11-540E-4F22-8720-6433D5CDD965}.Release|x86.Build.0 = Release|Any CPU
		{C0FE8DD4-9307-44E6-A3FA-9FA6B708A455}.Debug|Any CPU.ActiveCfg = Debug|Any CPU
		{C0FE8DD4-9307-44E6-A3FA-9FA6B708A455}.Debug|Any CPU.Build.0 = Debug|Any CPU
		{C0FE8DD4-9307-44E6-A3FA-9FA6B708A455}.Debug|x64.ActiveCfg = Debug|Any CPU
		{C0FE8DD4-9307-44E6-A3FA-9FA6B708A455}.Debug|x64.Build.0 = Debug|Any CPU
		{C0FE8DD4-9307-44E6-A3FA-9FA6B708A455}.Debug|x86.ActiveCfg = Debug|Any CPU
		{C0FE8DD4-9307-44E6-A3FA-9FA6B708A455}.Debug|x86.Build.0 = Debug|Any CPU
		{C0FE8DD4-9307-44E6-A3FA-9FA6B708A455}.Release|Any CPU.ActiveCfg = Release|Any CPU
		{C0FE8DD4-9307-44E6-A3FA-9FA6B708A455}.Release|Any CPU.Build.0 = Release|Any CPU
		{C0FE8DD4-9307-44E6-A3FA-9FA6B708A455}.Release|x64.ActiveCfg = Release|Any CPU
		{C0FE8DD4-9307-44E6-A3FA-9FA6B708A455}.Release|x64.Build.0 = Release|Any CPU
		{C0FE8DD4-9307-44E6-A3FA-9FA6B708A455}.Release|x86.ActiveCfg = Release|Any CPU
		{C0FE8DD4-9307-44E6-A3FA-9FA6B708A455}.Release|x86.Build.0 = Release|Any CPU
	EndGlobalSection
	GlobalSection(SolutionProperties) = preSolution
		HideSolutionNode = FALSE
	EndGlobalSection
	GlobalSection(NestedProjects) = preSolution
		{BBD998D7-8C22-44B7-9EEB-1D3A4A6764E1} = {9EA5AB52-CC25-4785-8034-EBC6F3BA1B82}
		{4D138955-ADB5-4D6F-BA39-72F30781EC17} = {9EA5AB52-CC25-4785-8034-EBC6F3BA1B82}
		{B86AED5B-03A7-4472-A488-E1AA1381486D} = {9EA5AB52-CC25-4785-8034-EBC6F3BA1B82}
		{5F8934EA-15BA-4C53-94CC-CE14CEA7B017} = {9EA5AB52-CC25-4785-8034-EBC6F3BA1B82}
		{62AD2A11-540E-4F22-8720-6433D5CDD965} = {32752F46-272C-4890-99D4-87F7AF0B307D}
		{C0FE8DD4-9307-44E6-A3FA-9FA6B708A455} = {9EA5AB52-CC25-4785-8034-EBC6F3BA1B82}
	EndGlobalSection
EndGlobal
